
Microsoft Visual Studio Solution File, Format Version 12.00
# Visual Studio Version 17
VisualStudioVersion = 17.13.35825.156
MinimumVisualStudioVersion = 10.0.40219.1
Project("{FAE04EC0-301F-11D3-BF4B-00C04F79EFBC}") = "QirimType", "QirimType.csproj", "{0D61B7E8-0385-C33E-97BC-769792E97DA4}"
EndProject
Project("{2150E333-8FDC-42A3-9474-1A3956D46DE8}") = "Tests", "Tests", "{0AB3BF05-4346-4AA6-1389-037BE0695223}"
EndProject
Project("{FAE04EC0-301F-11D3-BF4B-00C04F79EFBC}") = "QirimType.Tests", "Tests\QirimType.Tests.csproj", "{CAAEB18F-208A-4195-BFEC-FA21EBDB1587}"
EndProject
Global
	GlobalSection(SolutionConfigurationPlatforms) = preSolution
		Debug|Any CPU = Debug|Any CPU
		Debug|x64 = Debug|x64
		Debug|x86 = Debug|x86
		Release|Any CPU = Release|Any CPU
		Release|x64 = Release|x64
		Release|x86 = Release|x86
	EndGlobalSection
	GlobalSection(ProjectConfigurationPlatforms) = postSolution
		{0D61B7E8-0385-C33E-97BC-769792E97DA4}.Debug|Any CPU.ActiveCfg = Debug|Any CPU
		{0D61B7E8-0385-C33E-97BC-769792E97DA4}.Debug|Any CPU.Build.0 = Debug|Any CPU
		{0D61B7E8-0385-C33E-97BC-769792E97DA4}.Debug|x64.ActiveCfg = Debug|Any CPU
		{0D61B7E8-0385-C33E-97BC-769792E97DA4}.Debug|x64.Build.0 = Debug|Any CPU
		{0D61B7E8-0385-C33E-97BC-769792E97DA4}.Debug|x86.ActiveCfg = Debug|Any CPU
		{0D61B7E8-0385-C33E-97BC-769792E97DA4}.Debug|x86.Build.0 = Debug|Any CPU
		{0D61B7E8-0385-C33E-97BC-769792E97DA4}.Release|Any CPU.ActiveCfg = Release|Any CPU
		{0D61B7E8-0385-C33E-97BC-769792E97DA4}.Release|Any CPU.Build.0 = Release|Any CPU
		{0D61B7E8-0385-C33E-97BC-769792E97DA4}.Release|x64.ActiveCfg = Release|Any CPU
		{0D61B7E8-0385-C33E-97BC-769792E97DA4}.Release|x64.Build.0 = Release|Any CPU
		{0D61B7E8-0385-C33E-97BC-769792E97DA4}.Release|x86.ActiveCfg = Release|Any CPU
		{0D61B7E8-0385-C33E-97BC-769792E97DA4}.Release|x86.Build.0 = Release|Any CPU
		{CAAEB18F-208A-4195-BFEC-FA21EBDB1587}.Debug|Any CPU.ActiveCfg = Debug|Any CPU
		{CAAEB18F-208A-4195-BFEC-FA21EBDB1587}.Debug|Any CPU.Build.0 = Debug|Any CPU
		{CAAEB18F-208A-4195-BFEC-FA21EBDB1587}.Debug|x64.ActiveCfg = Debug|Any CPU
		{CAAEB18F-208A-4195-BFEC-FA21EBDB1587}.Debug|x64.Build.0 = Debug|Any CPU
		{CAAEB18F-208A-4195-BFEC-FA21EBDB1587}.Debug|x86.ActiveCfg = Debug|Any CPU
		{CAAEB18F-208A-4195-BFEC-FA21EBDB1587}.Debug|x86.Build.0 = Debug|Any CPU
		{CAAEB18F-208A-4195-BFEC-FA21EBDB1587}.Release|Any CPU.ActiveCfg = Release|Any CPU
		{CAAEB18F-208A-4195-BFEC-FA21EBDB1587}.Release|Any CPU.Build.0 = Release|Any CPU
		{CAAEB18F-208A-4195-BFEC-FA21EBDB1587}.Release|x64.ActiveCfg = Release|Any CPU
		{CAAEB18F-208A-4195-BFEC-FA21EBDB1587}.Release|x64.Build.0 = Release|Any CPU
		{CAAEB18F-208A-4195-BFEC-FA21EBDB1587}.Release|x86.ActiveCfg = Release|Any CPU
		{CAAEB18F-208A-4195-BFEC-FA21EBDB1587}.Release|x86.Build.0 = Release|Any CPU
	EndGlobalSection
	GlobalSection(SolutionProperties) = preSolution
		HideSolutionNode = FALSE
	EndGlobalSection
	GlobalSection(NestedProjects) = preSolution
		{CAAEB18F-208A-4195-BFEC-FA21EBDB1587} = {0AB3BF05-4346-4AA6-1389-037BE0695223}
	EndGlobalSection
	GlobalSection(ExtensibilityGlobals) = postSolution
		SolutionGuid = {19B6CD44-74C9-46BF-B9D0-9B269DF3FE77}
	EndGlobalSection
EndGlobal
